// !$*UTF8*$!
{
	archiveVersion = 1;
	classes = {
	};
	objectVersion = 46;
	objects = {

/* Begin PBXBuildFile section */
		401BE38A1BE3809900BC1934 /* CSFilePath.m in Sources */ = {isa = PBXBuildFile; fileRef = 401BE3851BE3809900BC1934 /* CSFilePath.m */; };
		401BE38B1BE3809900BC1934 /* CSFileTool.m in Sources */ = {isa = PBXBuildFile; fileRef = 401BE3871BE3809900BC1934 /* CSFileTool.m */; };
		401BE38C1BE3809900BC1934 /* CSKeyChain.m in Sources */ = {isa = PBXBuildFile; fileRef = 401BE3891BE3809900BC1934 /* CSKeyChain.m */; };
		401CBA221BF4806B008900F9 /* NSString+Tokenize.m in Sources */ = {isa = PBXBuildFile; fileRef = 401CBA211BF4806B008900F9 /* NSString+Tokenize.m */; };
		40A0F2E81B9A9525000B0897 /* UIViewController+G.m in Sources */ = {isa = PBXBuildFile; fileRef = 40A0F2E71B9A9525000B0897 /* UIViewController+G.m */; };
		8909DB301B998261002A682A /* UIView+G.m in Sources */ = {isa = PBXBuildFile; fileRef = 8909DB2F1B998261002A682A /* UIView+G.m */; };
		8909DB371B9992BB002A682A /* NSString+G.m in Sources */ = {isa = PBXBuildFile; fileRef = 8909DB321B9992BB002A682A /* NSString+G.m */; };
		8909DB381B9992BB002A682A /* UIImage+UIImage_G.m in Sources */ = {isa = PBXBuildFile; fileRef = 8909DB341B9992BB002A682A /* UIImage+UIImage_G.m */; };
		8909DB391B9992BB002A682A /* UINavigationController+G.m in Sources */ = {isa = PBXBuildFile; fileRef = 8909DB361B9992BB002A682A /* UINavigationController+G.m */; };
		899E7BCE1B997F44004E6B40 /* main.m in Sources */ = {isa = PBXBuildFile; fileRef = 899E7BCD1B997F44004E6B40 /* main.m */; };
		899E7BD11B997F44004E6B40 /* AppDelegate.m in Sources */ = {isa = PBXBuildFile; fileRef = 899E7BD01B997F44004E6B40 /* AppDelegate.m */; };
		899E7BD41B997F44004E6B40 /* ViewController.m in Sources */ = {isa = PBXBuildFile; fileRef = 899E7BD31B997F44004E6B40 /* ViewController.m */; };
		899E7BD71B997F44004E6B40 /* Main.storyboard in Resources */ = {isa = PBXBuildFile; fileRef = 899E7BD51B997F44004E6B40 /* Main.storyboard */; };
		899E7BD91B997F44004E6B40 /* Images.xcassets in Resources */ = {isa = PBXBuildFile; fileRef = 899E7BD81B997F44004E6B40 /* Images.xcassets */; };
		899E7BE81B997F44004E6B40 /* G_CategoryTests.m in Sources */ = {isa = PBXBuildFile; fileRef = 899E7BE71B997F44004E6B40 /* G_CategoryTests.m */; };
/* End PBXBuildFile section */

/* Begin PBXContainerItemProxy section */
		899E7BE21B997F44004E6B40 /* PBXContainerItemProxy */ = {
			isa = PBXContainerItemProxy;
			containerPortal = 899E7BC01B997F44004E6B40 /* Project object */;
			proxyType = 1;
			remoteGlobalIDString = 899E7BC71B997F44004E6B40;
			remoteInfo = "G-Category";
		};
/* End PBXContainerItemProxy section */

/* Begin PBXFileReference section */
		401BE3781BE37BE100BC1934 /* CKSingleton.h */ = {isa = PBXFileReference; fileEncoding = 4; lastKnownFileType = sourcecode.c.h; path = CKSingleton.h; sourceTree = "<group>"; };
		401BE3841BE3809900BC1934 /* CSFilePath.h */ = {isa = PBXFileReference; fileEncoding = 4; lastKnownFileType = sourcecode.c.h; path = CSFilePath.h; sourceTree = "<group>"; };
		401BE3851BE3809900BC1934 /* CSFilePath.m */ = {isa = PBXFileReference; fileEncoding = 4; lastKnownFileType = sourcecode.c.objc; path = CSFilePath.m; sourceTree = "<group>"; };
		401BE3861BE3809900BC1934 /* CSFileTool.h */ = {isa = PBXFileReference; fileEncoding = 4; lastKnownFileType = sourcecode.c.h; path = CSFileTool.h; sourceTree = "<group>"; };
		401BE3871BE3809900BC1934 /* CSFileTool.m */ = {isa = PBXFileReference; fileEncoding = 4; lastKnownFileType = sourcecode.c.objc; path = CSFileTool.m; sourceTree = "<group>"; };
		401BE3881BE3809900BC1934 /* CSKeyChain.h */ = {isa = PBXFileReference; fileEncoding = 4; lastKnownFileType = sourcecode.c.h; path = CSKeyChain.h; sourceTree = "<group>"; };
		401BE3891BE3809900BC1934 /* CSKeyChain.m */ = {isa = PBXFileReference; fileEncoding = 4; lastKnownFileType = sourcecode.c.objc; path = CSKeyChain.m; sourceTree = "<group>"; };
		401CBA201BF4806B008900F9 /* NSString+Tokenize.h */ = {isa = PBXFileReference; fileEncoding = 4; lastKnownFileType = sourcecode.c.h; path = "NSString+Tokenize.h"; sourceTree = "<group>"; };
		401CBA211BF4806B008900F9 /* NSString+Tokenize.m */ = {isa = PBXFileReference; fileEncoding = 4; lastKnownFileType = sourcecode.c.objc; path = "NSString+Tokenize.m"; sourceTree = "<group>"; };
		40A0F2E61B9A9525000B0897 /* UIViewController+G.h */ = {isa = PBXFileReference; fileEncoding = 4; lastKnownFileType = sourcecode.c.h; path = "UIViewController+G.h"; sourceTree = "<group>"; };
		40A0F2E71B9A9525000B0897 /* UIViewController+G.m */ = {isa = PBXFileReference; fileEncoding = 4; lastKnownFileType = sourcecode.c.objc; path = "UIViewController+G.m"; sourceTree = "<group>"; };
		8909DB2E1B998261002A682A /* UIView+G.h */ = {isa = PBXFileReference; fileEncoding = 4; lastKnownFileType = sourcecode.c.h; path = "UIView+G.h"; sourceTree = "<group>"; };
		8909DB2F1B998261002A682A /* UIView+G.m */ = {isa = PBXFileReference; fileEncoding = 4; lastKnownFileType = sourcecode.c.objc; path = "UIView+G.m"; sourceTree = "<group>"; };
		8909DB311B9992BB002A682A /* NSString+G.h */ = {isa = PBXFileReference; fileEncoding = 4; lastKnownFileType = sourcecode.c.h; path = "NSString+G.h"; sourceTree = "<group>"; };
		8909DB321B9992BB002A682A /* NSString+G.m */ = {isa = PBXFileReference; fileEncoding = 4; lastKnownFileType = sourcecode.c.objc; path = "NSString+G.m"; sourceTree = "<group>"; };
		8909DB331B9992BB002A682A /* UIImage+UIImage_G.h */ = {isa = PBXFileReference; fileEncoding = 4; lastKnownFileType = sourcecode.c.h; path = "UIImage+UIImage_G.h"; sourceTree = "<group>"; };
		8909DB341B9992BB002A682A /* UIImage+UIImage_G.m */ = {isa = PBXFileReference; fileEncoding = 4; lastKnownFileType = sourcecode.c.objc; path = "UIImage+UIImage_G.m"; sourceTree = "<group>"; };
		8909DB351B9992BB002A682A /* UINavigationController+G.h */ = {isa = PBXFileReference; fileEncoding = 4; lastKnownFileType = sourcecode.c.h; path = "UINavigationController+G.h"; sourceTree = "<group>"; };
		8909DB361B9992BB002A682A /* UINavigationController+G.m */ = {isa = PBXFileReference; fileEncoding = 4; lastKnownFileType = sourcecode.c.objc; path = "UINavigationController+G.m"; sourceTree = "<group>"; };
		899E7BC81B997F44004E6B40 /* G-Category.app */ = {isa = PBXFileReference; explicitFileType = wrapper.application; includeInIndex = 0; path = "G-Category.app"; sourceTree = BUILT_PRODUCTS_DIR; };
		899E7BCC1B997F44004E6B40 /* Info.plist */ = {isa = PBXFileReference; lastKnownFileType = text.plist.xml; path = Info.plist; sourceTree = "<group>"; };
		899E7BCD1B997F44004E6B40 /* main.m */ = {isa = PBXFileReference; lastKnownFileType = sourcecode.c.objc; path = main.m; sourceTree = "<group>"; };
		899E7BCF1B997F44004E6B40 /* AppDelegate.h */ = {isa = PBXFileReference; lastKnownFileType = sourcecode.c.h; path = AppDelegate.h; sourceTree = "<group>"; };
		899E7BD01B997F44004E6B40 /* AppDelegate.m */ = {isa = PBXFileReference; lastKnownFileType = sourcecode.c.objc; path = AppDelegate.m; sourceTree = "<group>"; };
		899E7BD21B997F44004E6B40 /* ViewController.h */ = {isa = PBXFileReference; lastKnownFileType = sourcecode.c.h; path = ViewController.h; sourceTree = "<group>"; };
		899E7BD31B997F44004E6B40 /* ViewController.m */ = {isa = PBXFileReference; lastKnownFileType = sourcecode.c.objc; path = ViewController.m; sourceTree = "<group>"; };
		899E7BD61B997F44004E6B40 /* Base */ = {isa = PBXFileReference; lastKnownFileType = file.storyboard; name = Base; path = Base.lproj/Main.storyboard; sourceTree = "<group>"; };
		899E7BD81B997F44004E6B40 /* Images.xcassets */ = {isa = PBXFileReference; lastKnownFileType = folder.assetcatalog; path = Images.xcassets; sourceTree = "<group>"; };
		899E7BE11B997F44004E6B40 /* G-CategoryTests.xctest */ = {isa = PBXFileReference; explicitFileType = wrapper.cfbundle; includeInIndex = 0; path = "G-CategoryTests.xctest"; sourceTree = BUILT_PRODUCTS_DIR; };
		899E7BE61B997F44004E6B40 /* Info.plist */ = {isa = PBXFileReference; lastKnownFileType = text.plist.xml; path = Info.plist; sourceTree = "<group>"; };
		899E7BE71B997F44004E6B40 /* G_CategoryTests.m */ = {isa = PBXFileReference; lastKnownFileType = sourcecode.c.objc; path = G_CategoryTests.m; sourceTree = "<group>"; };
/* End PBXFileReference section */

/* Begin PBXFrameworksBuildPhase section */
		899E7BC51B997F44004E6B40 /* Frameworks */ = {
			isa = PBXFrameworksBuildPhase;
			buildActionMask = 2147483647;
			files = (
			);
			runOnlyForDeploymentPostprocessing = 0;
		};
		899E7BDE1B997F44004E6B40 /* Frameworks */ = {
			isa = PBXFrameworksBuildPhase;
			buildActionMask = 2147483647;
			files = (
			);
			runOnlyForDeploymentPostprocessing = 0;
		};
/* End PBXFrameworksBuildPhase section */

/* Begin PBXGroup section */
		401BE3831BE3809900BC1934 /* Other */ = {
			isa = PBXGroup;
			children = (
				401BE3841BE3809900BC1934 /* CSFilePath.h */,
				401BE3851BE3809900BC1934 /* CSFilePath.m */,
				401BE3861BE3809900BC1934 /* CSFileTool.h */,
				401BE3871BE3809900BC1934 /* CSFileTool.m */,
				401BE3881BE3809900BC1934 /* CSKeyChain.h */,
				401BE3891BE3809900BC1934 /* CSKeyChain.m */,
			);
			path = Other;
			sourceTree = "<group>";
		};
		8909DB2D1B99824D002A682A /* SRC */ = {
			isa = PBXGroup;
			children = (
				8909DB2E1B998261002A682A /* UIView+G.h */,
				8909DB2F1B998261002A682A /* UIView+G.m */,
				8909DB311B9992BB002A682A /* NSString+G.h */,
				8909DB321B9992BB002A682A /* NSString+G.m */,
				8909DB331B9992BB002A682A /* UIImage+UIImage_G.h */,
				8909DB341B9992BB002A682A /* UIImage+UIImage_G.m */,
				8909DB351B9992BB002A682A /* UINavigationController+G.h */,
				8909DB361B9992BB002A682A /* UINavigationController+G.m */,
				40A0F2E61B9A9525000B0897 /* UIViewController+G.h */,
				40A0F2E71B9A9525000B0897 /* UIViewController+G.m */,
				401CBA201BF4806B008900F9 /* NSString+Tokenize.h */,
				401CBA211BF4806B008900F9 /* NSString+Tokenize.m */,
				401BE3781BE37BE100BC1934 /* CKSingleton.h */,
				401BE3831BE3809900BC1934 /* Other */,
			);
			path = SRC;
			sourceTree = "<group>";
		};
		8909DB3A1B999AF3002A682A /* G-Category */ = {
			isa = PBXGroup;
			children = (
			);
			path = "G-Category";
			sourceTree = "<group>";
		};
		899E7BBF1B997F44004E6B40 = {
			isa = PBXGroup;
			children = (
				899E7BCA1B997F44004E6B40 /* G-Category */,
				899E7BE41B997F44004E6B40 /* G-CategoryTests */,
				899E7BC91B997F44004E6B40 /* Products */,
			);
			sourceTree = "<group>";
		};
		899E7BC91B997F44004E6B40 /* Products */ = {
			isa = PBXGroup;
			children = (
				899E7BC81B997F44004E6B40 /* G-Category.app */,
				899E7BE11B997F44004E6B40 /* G-CategoryTests.xctest */,
			);
			name = Products;
			sourceTree = "<group>";
		};
		899E7BCA1B997F44004E6B40 /* G-Category */ = {
			isa = PBXGroup;
			children = (
				8909DB3A1B999AF3002A682A /* G-Category */,
				8909DB2D1B99824D002A682A /* SRC */,
				899E7BCF1B997F44004E6B40 /* AppDelegate.h */,
				899E7BD01B997F44004E6B40 /* AppDelegate.m */,
				899E7BD21B997F44004E6B40 /* ViewController.h */,
				899E7BD31B997F44004E6B40 /* ViewController.m */,
				899E7BD51B997F44004E6B40 /* Main.storyboard */,
				899E7BD81B997F44004E6B40 /* Images.xcassets */,
				899E7BCB1B997F44004E6B40 /* Supporting Files */,
			);
			path = "G-Category";
			sourceTree = "<group>";
		};
		899E7BCB1B997F44004E6B40 /* Supporting Files */ = {
			isa = PBXGroup;
			children = (
				899E7BCC1B997F44004E6B40 /* Info.plist */,
				899E7BCD1B997F44004E6B40 /* main.m */,
			);
			name = "Supporting Files";
			sourceTree = "<group>";
		};
		899E7BE41B997F44004E6B40 /* G-CategoryTests */ = {
			isa = PBXGroup;
			children = (
				899E7BE71B997F44004E6B40 /* G_CategoryTests.m */,
				899E7BE51B997F44004E6B40 /* Supporting Files */,
			);
			path = "G-CategoryTests";
			sourceTree = "<group>";
		};
		899E7BE51B997F44004E6B40 /* Supporting Files */ = {
			isa = PBXGroup;
			children = (
				899E7BE61B997F44004E6B40 /* Info.plist */,
			);
			name = "Supporting Files";
			sourceTree = "<group>";
		};
/* End PBXGroup section */

/* Begin PBXNativeTarget section */
		899E7BC71B997F44004E6B40 /* G-Category */ = {
			isa = PBXNativeTarget;
			buildConfigurationList = 899E7BEB1B997F44004E6B40 /* Build configuration list for PBXNativeTarget "G-Category" */;
			buildPhases = (
				899E7BC41B997F44004E6B40 /* Sources */,
				899E7BC51B997F44004E6B40 /* Frameworks */,
				899E7BC61B997F44004E6B40 /* Resources */,
			);
			buildRules = (
			);
			dependencies = (
			);
			name = "G-Category";
			productName = "G-Category";
			productReference = 899E7BC81B997F44004E6B40 /* G-Category.app */;
			productType = "com.apple.product-type.application";
		};
		899E7BE01B997F44004E6B40 /* G-CategoryTests */ = {
			isa = PBXNativeTarget;
			buildConfigurationList = 899E7BEE1B997F44004E6B40 /* Build configuration list for PBXNativeTarget "G-CategoryTests" */;
			buildPhases = (
				899E7BDD1B997F44004E6B40 /* Sources */,
				899E7BDE1B997F44004E6B40 /* Frameworks */,
				899E7BDF1B997F44004E6B40 /* Resources */,
			);
			buildRules = (
			);
			dependencies = (
				899E7BE31B997F44004E6B40 /* PBXTargetDependency */,
			);
			name = "G-CategoryTests";
			productName = "G-CategoryTests";
			productReference = 899E7BE11B997F44004E6B40 /* G-CategoryTests.xctest */;
			productType = "com.apple.product-type.bundle.unit-test";
		};
/* End PBXNativeTarget section */

/* Begin PBXProject section */
		899E7BC01B997F44004E6B40 /* Project object */ = {
			isa = PBXProject;
			attributes = {
				LastUpgradeCheck = 0900;
				ORGANIZATIONNAME = Bisbana.com;
				TargetAttributes = {
					899E7BC71B997F44004E6B40 = {
						CreatedOnToolsVersion = 6.3.2;
					};
					899E7BE01B997F44004E6B40 = {
						CreatedOnToolsVersion = 6.3.2;
						TestTargetID = 899E7BC71B997F44004E6B40;
					};
				};
			};
			buildConfigurationList = 899E7BC31B997F44004E6B40 /* Build configuration list for PBXProject "G-Category" */;
			compatibilityVersion = "Xcode 3.2";
			developmentRegion = English;
			hasScannedForEncodings = 0;
			knownRegions = (
				en,
				Base,
			);
			mainGroup = 899E7BBF1B997F44004E6B40;
			productRefGroup = 899E7BC91B997F44004E6B40 /* Products */;
			projectDirPath = "";
			projectRoot = "";
			targets = (
				899E7BC71B997F44004E6B40 /* G-Category */,
				899E7BE01B997F44004E6B40 /* G-CategoryTests */,
			);
		};
/* End PBXProject section */

/* Begin PBXResourcesBuildPhase section */
		899E7BC61B997F44004E6B40 /* Resources */ = {
			isa = PBXResourcesBuildPhase;
			buildActionMask = 2147483647;
			files = (
				899E7BD71B997F44004E6B40 /* Main.storyboard in Resources */,
				899E7BD91B997F44004E6B40 /* Images.xcassets in Resources */,
			);
			runOnlyForDeploymentPostprocessing = 0;
		};
		899E7BDF1B997F44004E6B40 /* Resources */ = {
			isa = PBXResourcesBuildPhase;
			buildActionMask = 2147483647;
			files = (
			);
			runOnlyForDeploymentPostprocessing = 0;
		};
/* End PBXResourcesBuildPhase section */

/* Begin PBXSourcesBuildPhase section */
		899E7BC41B997F44004E6B40 /* Sources */ = {
			isa = PBXSourcesBuildPhase;
			buildActionMask = 2147483647;
			files = (
				401BE38C1BE3809900BC1934 /* CSKeyChain.m in Sources */,
				8909DB391B9992BB002A682A /* UINavigationController+G.m in Sources */,
				401BE38B1BE3809900BC1934 /* CSFileTool.m in Sources */,
				8909DB301B998261002A682A /* UIView+G.m in Sources */,
				8909DB381B9992BB002A682A /* UIImage+UIImage_G.m in Sources */,
				899E7BD41B997F44004E6B40 /* ViewController.m in Sources */,
				401CBA221BF4806B008900F9 /* NSString+Tokenize.m in Sources */,
				899E7BD11B997F44004E6B40 /* AppDelegate.m in Sources */,
				8909DB371B9992BB002A682A /* NSString+G.m in Sources */,
				401BE38A1BE3809900BC1934 /* CSFilePath.m in Sources */,
				40A0F2E81B9A9525000B0897 /* UIViewController+G.m in Sources */,
				899E7BCE1B997F44004E6B40 /* main.m in Sources */,
			);
			runOnlyForDeploymentPostprocessing = 0;
		};
		899E7BDD1B997F44004E6B40 /* Sources */ = {
			isa = PBXSourcesBuildPhase;
			buildActionMask = 2147483647;
			files = (
				899E7BE81B997F44004E6B40 /* G_CategoryTests.m in Sources */,
			);
			runOnlyForDeploymentPostprocessing = 0;
		};
/* End PBXSourcesBuildPhase section */

/* Begin PBXTargetDependency section */
		899E7BE31B997F44004E6B40 /* PBXTargetDependency */ = {
			isa = PBXTargetDependency;
			target = 899E7BC71B997F44004E6B40 /* G-Category */;
			targetProxy = 899E7BE21B997F44004E6B40 /* PBXContainerItemProxy */;
		};
/* End PBXTargetDependency section */

/* Begin PBXVariantGroup section */
		899E7BD51B997F44004E6B40 /* Main.storyboard */ = {
			isa = PBXVariantGroup;
			children = (
				899E7BD61B997F44004E6B40 /* Base */,
			);
			name = Main.storyboard;
			sourceTree = "<group>";
		};
/* End PBXVariantGroup section */

/* Begin XCBuildConfiguration section */
		899E7BE91B997F44004E6B40 /* Debug */ = {
			isa = XCBuildConfiguration;
			buildSettings = {
				ALWAYS_SEARCH_USER_PATHS = NO;
				CLANG_CXX_LANGUAGE_STANDARD = "gnu++0x";
				CLANG_CXX_LIBRARY = "libc++";
				CLANG_ENABLE_MODULES = YES;
				CLANG_ENABLE_OBJC_ARC = YES;
				CLANG_WARN_BLOCK_CAPTURE_AUTORELEASING = YES;
				CLANG_WARN_BOOL_CONVERSION = YES;
				CLANG_WARN_COMMA = YES;
				CLANG_WARN_CONSTANT_CONVERSION = YES;
				CLANG_WARN_DIRECT_OBJC_ISA_USAGE = YES_ERROR;
				CLANG_WARN_EMPTY_BODY = YES;
				CLANG_WARN_ENUM_CONVERSION = YES;
				CLANG_WARN_INFINITE_RECURSION = YES;
				CLANG_WARN_INT_CONVERSION = YES;
				CLANG_WARN_NON_LITERAL_NULL_CONVERSION = YES;
				CLANG_WARN_OBJC_LITERAL_CONVERSION = YES;
				CLANG_WARN_OBJC_ROOT_CLASS = YES_ERROR;
				CLANG_WARN_RANGE_LOOP_ANALYSIS = YES;
				CLANG_WARN_STRICT_PROTOTYPES = YES;
				CLANG_WARN_SUSPICIOUS_MOVE = YES;
				CLANG_WARN_UNREACHABLE_CODE = YES;
				CLANG_WARN__DUPLICATE_METHOD_MATCH = YES;
				"CODE_SIGN_IDENTITY[sdk=iphoneos*]" = "iPhone Developer";
				COPY_PHASE_STRIP = NO;
				DEBUG_INFORMATION_FORMAT = "dwarf-with-dsym";
				ENABLE_STRICT_OBJC_MSGSEND = YES;
				ENABLE_TESTABILITY = YES;
				GCC_C_LANGUAGE_STANDARD = gnu99;
				GCC_DYNAMIC_NO_PIC = NO;
				GCC_NO_COMMON_BLOCKS = YES;
				GCC_OPTIMIZATION_LEVEL = 0;
				GCC_PREPROCESSOR_DEFINITIONS = (
					"DEBUG=1",
					"$(inherited)",
				);
				GCC_SYMBOLS_PRIVATE_EXTERN = NO;
				GCC_WARN_64_TO_32_BIT_CONVERSION = YES;
				GCC_WARN_ABOUT_RETURN_TYPE = YES_ERROR;
				GCC_WARN_UNDECLARED_SELECTOR = YES;
				GCC_WARN_UNINITIALIZED_AUTOS = YES_AGGRESSIVE;
				GCC_WARN_UNUSED_FUNCTION = YES;
				GCC_WARN_UNUSED_VARIABLE = YES;
				IPHONEOS_DEPLOYMENT_TARGET = 8.3;
				MTL_ENABLE_DEBUG_INFO = YES;
				ONLY_ACTIVE_ARCH = YES;
				SDKROOT = iphoneos;
				TARGETED_DEVICE_FAMILY = "1,2";
			};
			name = Debug;
		};
		899E7BEA1B997F44004E6B40 /* Release */ = {
			isa = XCBuildConfiguration;
			buildSettings = {
				ALWAYS_SEARCH_USER_PATHS = NO;
				CLANG_CXX_LANGUAGE_STANDARD = "gnu++0x";
				CLANG_CXX_LIBRARY = "libc++";
				CLANG_ENABLE_MODULES = YES;
				CLANG_ENABLE_OBJC_ARC = YES;
				CLANG_WARN_BLOCK_CAPTURE_AUTORELEASING = YES;
				CLANG_WARN_BOOL_CONVERSION = YES;
				CLANG_WARN_COMMA = YES;
				CLANG_WARN_CONSTANT_CONVERSION = YES;
				CLANG_WARN_DIRECT_OBJC_ISA_USAGE = YES_ERROR;
				CLANG_WARN_EMPTY_BODY = YES;
				CLANG_WARN_ENUM_CONVERSION = YES;
				CLANG_WARN_INFINITE_RECURSION = YES;
				CLANG_WARN_INT_CONVERSION = YES;
				CLANG_WARN_NON_LITERAL_NULL_CONVERSION = YES;
				CLANG_WARN_OBJC_LITERAL_CONVERSION = YES;
				CLANG_WARN_OBJC_ROOT_CLASS = YES_ERROR;
				CLANG_WARN_RANGE_LOOP_ANALYSIS = YES;
				CLANG_WARN_STRICT_PROTOTYPES = YES;
				CLANG_WARN_SUSPICIOUS_MOVE = YES;
				CLANG_WARN_UNREACHABLE_CODE = YES;
				CLANG_WARN__DUPLICATE_METHOD_MATCH = YES;
				"CODE_SIGN_IDENTITY[sdk=iphoneos*]" = "iPhone Developer";
				COPY_PHASE_STRIP = NO;
				DEBUG_INFORMATION_FORMAT = "dwarf-with-dsym";
				ENABLE_NS_ASSERTIONS = NO;
				ENABLE_STRICT_OBJC_MSGSEND = YES;
				GCC_C_LANGUAGE_STANDARD = gnu99;
				GCC_NO_COMMON_BLOCKS = YES;
				GCC_WARN_64_TO_32_BIT_CONVERSION = YES;
				GCC_WARN_ABOUT_RETURN_TYPE = YES_ERROR;
				GCC_WARN_UNDECLARED_SELECTOR = YES;
				GCC_WARN_UNINITIALIZED_AUTOS = YES_AGGRESSIVE;
				GCC_WARN_UNUSED_FUNCTION = YES;
				GCC_WARN_UNUSED_VARIABLE = YES;
				IPHONEOS_DEPLOYMENT_TARGET = 8.3;
				MTL_ENABLE_DEBUG_INFO = NO;
				SDKROOT = iphoneos;
				TARGETED_DEVICE_FAMILY = "1,2";
				VALIDATE_PRODUCT = YES;
			};
			name = Release;
		};
		899E7BEC1B997F44004E6B40 /* Debug */ = {
			isa = XCBuildConfiguration;
			buildSettings = {
				ASSETCATALOG_COMPILER_APPICON_NAME = AppIcon;
				DEVELOPMENT_TEAM = "";
				INFOPLIST_FILE = "G-Category/Info.plist";
				LD_RUNPATH_SEARCH_PATHS = "$(inherited) @executable_path/Frameworks";
				PRODUCT_BUNDLE_IDENTIFIER = "CubeTC.$(PRODUCT_NAME:rfc1034identifier)";
				PRODUCT_NAME = "$(TARGET_NAME)";
			};
			name = Debug;
		};
		899E7BED1B997F44004E6B40 /* Release */ = {
			isa = XCBuildConfiguration;
			buildSettings = {
				ASSETCATALOG_COMPILER_APPICON_NAME = AppIcon;
				DEVELOPMENT_TEAM = "";
				INFOPLIST_FILE = "G-Category/Info.plist";
				LD_RUNPATH_SEARCH_PATHS = "$(inherited) @executable_path/Frameworks";
				PRODUCT_BUNDLE_IDENTIFIER = "CubeTC.$(PRODUCT_NAME:rfc1034identifier)";
				PRODUCT_NAME = "$(TARGET_NAME)";
			};
			name = Release;
		};
		899E7BEF1B997F44004E6B40 /* Debug */ = {
			isa = XCBuildConfiguration;
			buildSettings = {
				BUNDLE_LOADER = "$(TEST_HOST)";
				FRAMEWORK_SEARCH_PATHS = (
					"$(SDKROOT)/Developer/Library/Frameworks",
					"$(inherited)",
				);
				GCC_PREPROCESSOR_DEFINITIONS = (
					"DEBUG=1",
					"$(inherited)",
				);
				INFOPLIST_FILE = "G-CategoryTests/Info.plist";
				LD_RUNPATH_SEARCH_PATHS = "$(inherited) @executable_path/Frameworks @loader_path/Frameworks";
				PRODUCT_BUNDLE_IDENTIFIER = "CubeTC.$(PRODUCT_NAME:rfc1034identifier)";
				PRODUCT_NAME = "$(TARGET_NAME)";
				TEST_HOST = "$(BUILT_PRODUCTS_DIR)/G-Category.app/G-Category";
			};
			name = Debug;
		};
		899E7BF01B997F44004E6B40 /* Release */ = {
			isa = XCBuildConfiguration;
			buildSettings = {
				BUNDLE_LOADER = "$(TEST_HOST)";
				FRAMEWORK_SEARCH_PATHS = (
					"$(SDKROOT)/Developer/Library/Frameworks",
					"$(inherited)",
				);
				INFOPLIST_FILE = "G-CategoryTests/Info.plist";
				LD_RUNPATH_SEARCH_PATHS = "$(inherited) @executable_path/Frameworks @loader_path/Frameworks";
				PRODUCT_BUNDLE_IDENTIFIER = "CubeTC.$(PRODUCT_NAME:rfc1034identifier)";
				PRODUCT_NAME = "$(TARGET_NAME)";
				TEST_HOST = "$(BUILT_PRODUCTS_DIR)/G-Category.app/G-Category";
			};
			name = Release;
		};
/* End XCBuildConfiguration section */

/* Begin XCConfigurationList section */
		899E7BC31B997F44004E6B40 /* Build configuration list for PBXProject "G-Category" */ = {
			isa = XCConfigurationList;
			buildConfigurations = (
				899E7BE91B997F44004E6B40 /* Debug */,
				899E7BEA1B997F44004E6B40 /* Release */,
			);
			defaultConfigurationIsVisible = 0;
			defaultConfigurationName = Release;
		};
		899E7BEB1B997F44004E6B40 /* Build configuration list for PBXNativeTarget "G-Category" */ = {
			isa = XCConfigurationList;
			buildConfigurations = (
				899E7BEC1B997F44004E6B40 /* Debug */,
				899E7BED1B997F44004E6B40 /* Release */,
			);
			defaultConfigurationIsVisible = 0;
			defaultConfigurationName = Release;
		};
		899E7BEE1B997F44004E6B40 /* Build configuration list for PBXNativeTarget "G-CategoryTests" */ = {
			isa = XCConfigurationList;
			buildConfigurations = (
				899E7BEF1B997F44004E6B40 /* Debug */,
				899E7BF01B997F44004E6B40 /* Release */,
			);
			defaultConfigurationIsVisible = 0;
			defaultConfigurationName = Release;
		};
/* End XCConfigurationList section */
	};
	rootObject = 899E7BC01B997F44004E6B40 /* Project object */;
}
